
Microsoft Visual Studio Solution File, Format Version 12.00
# Visual Studio Version 17
VisualStudioVersion = 17.3.32811.315
MinimumVisualStudioVersion = 10.0.40219.1
Project("{9A19103F-16F7-4668-BE54-9A1E7A4F7556}") = "ZooLab", "src\ZooLab\ZooLab.csproj", "{6C21EEDA-E13B-4DC8-B58F-C7F2098FC719}"
EndProject
Project("{9A19103F-16F7-4668-BE54-9A1E7A4F7556}") = "ZooLab.Test", "tests\ZooLab.Test\ZooLab.Test.csproj", "{30108B7E-786E-4E50-8B42-BE96667BE6FA}"
EndProject
Project("{FAE04EC0-301F-11D3-BF4B-00C04F79EFBC}") = "ZooLabConsole", "src\ZooLabConsole\ZooLabConsole.csproj", "{EF5C7619-B1A5-4C6F-9AD2-64F1C8C8B684}"
EndProject
Project("{2150E333-8FDC-42A3-9474-1A3956D46DE8}") = "src", "src", "{F7E35730-B824-48EA-9DB9-CDC2D774E1E0}"
EndProject
Project("{2150E333-8FDC-42A3-9474-1A3956D46DE8}") = "tests", "tests", "{F263BEDB-7009-49B1-9DB7-C6F8CE49E9BF}"
EndProject
Project("{FAE04EC0-301F-11D3-BF4B-00C04F79EFBC}") = "ZooLabConsole.Test", "tests\ZooLabConsole.Test\ZooLabConsole.Test.csproj", "{E8F55928-EB7D-4A44-B5FE-4640D550B3F3}"
EndProject
Global
	GlobalSection(SolutionConfigurationPlatforms) = preSolution
		Debug|Any CPU = Debug|Any CPU
		Release|Any CPU = Release|Any CPU
	EndGlobalSection
	GlobalSection(ProjectConfigurationPlatforms) = postSolution
		{6C21EEDA-E13B-4DC8-B58F-C7F2098FC719}.Debug|Any CPU.ActiveCfg = Debug|Any CPU
		{6C21EEDA-E13B-4DC8-B58F-C7F2098FC719}.Debug|Any CPU.Build.0 = Debug|Any CPU
		{6C21EEDA-E13B-4DC8-B58F-C7F2098FC719}.Release|Any CPU.ActiveCfg = Release|Any CPU
		{6C21EEDA-E13B-4DC8-B58F-C7F2098FC719}.Release|Any CPU.Build.0 = Release|Any CPU
		{30108B7E-786E-4E50-8B42-BE96667BE6FA}.Debug|Any CPU.ActiveCfg = Debug|Any CPU
		{30108B7E-786E-4E50-8B42-BE96667BE6FA}.Debug|Any CPU.Build.0 = Debug|Any CPU
		{30108B7E-786E-4E50-8B42-BE96667BE6FA}.Release|Any CPU.ActiveCfg = Release|Any CPU
		{30108B7E-786E-4E50-8B42-BE96667BE6FA}.Release|Any CPU.Build.0 = Release|Any CPU
		{EF5C7619-B1A5-4C6F-9AD2-64F1C8C8B684}.Debug|Any CPU.ActiveCfg = Debug|Any CPU
		{EF5C7619-B1A5-4C6F-9AD2-64F1C8C8B684}.Debug|Any CPU.Build.0 = Debug|Any CPU
		{EF5C7619-B1A5-4C6F-9AD2-64F1C8C8B684}.Release|Any CPU.ActiveCfg = Release|Any CPU
		{EF5C7619-B1A5-4C6F-9AD2-64F1C8C8B684}.Release|Any CPU.Build.0 = Release|Any CPU
		{E8F55928-EB7D-4A44-B5FE-4640D550B3F3}.Debug|Any CPU.ActiveCfg = Debug|Any CPU
		{E8F55928-EB7D-4A44-B5FE-4640D550B3F3}.Debug|Any CPU.Build.0 = Debug|Any CPU
		{E8F55928-EB7D-4A44-B5FE-4640D550B3F3}.Release|Any CPU.ActiveCfg = Release|Any CPU
		{E8F55928-EB7D-4A44-B5FE-4640D550B3F3}.Release|Any CPU.Build.0 = Release|Any CPU
	EndGlobalSection
	GlobalSection(SolutionProperties) = preSolution
		HideSolutionNode = FALSE
	EndGlobalSection
	GlobalSection(NestedProjects) = preSolution
		{6C21EEDA-E13B-4DC8-B58F-C7F2098FC719} = {F7E35730-B824-48EA-9DB9-CDC2D774E1E0}
		{30108B7E-786E-4E50-8B42-BE96667BE6FA} = {F263BEDB-7009-49B1-9DB7-C6F8CE49E9BF}
		{EF5C7619-B1A5-4C6F-9AD2-64F1C8C8B684} = {F7E35730-B824-48EA-9DB9-CDC2D774E1E0}
		{E8F55928-EB7D-4A44-B5FE-4640D550B3F3} = {F263BEDB-7009-49B1-9DB7-C6F8CE49E9BF}
	EndGlobalSection
	GlobalSection(ExtensibilityGlobals) = postSolution
		SolutionGuid = {A47D0366-CF6C-40FF-A398-868D153821B4}
	EndGlobalSection
EndGlobal
